// !$*UTF8*$!
{
	archiveVersion = 1;
	classes = {
	};
	objectVersion = 56;
	objects = {

/* Begin PBXBuildFile section */
		3634F8B02C48CE2A00EA6D9A /* AppDelegate.m in Sources */ = {isa = PBXBuildFile; fileRef = 3634F8AF2C48CE2A00EA6D9A /* AppDelegate.m */; };
		3634F8B32C48CE2A00EA6D9A /* SceneDelegate.m in Sources */ = {isa = PBXBuildFile; fileRef = 3634F8B22C48CE2A00EA6D9A /* SceneDelegate.m */; };
		3634F8B62C48CE2A00EA6D9A /* ViewController.m in Sources */ = {isa = PBXBuildFile; fileRef = 3634F8B52C48CE2A00EA6D9A /* ViewController.m */; };
		3634F8B92C48CE2A00EA6D9A /* Main.storyboard in Resources */ = {isa = PBXBuildFile; fileRef = 3634F8B72C48CE2A00EA6D9A /* Main.storyboard */; };
		3634F8BB2C48CE2C00EA6D9A /* Assets.xcassets in Resources */ = {isa = PBXBuildFile; fileRef = 3634F8BA2C48CE2C00EA6D9A /* Assets.xcassets */; };
		3634F8BE2C48CE2C00EA6D9A /* LaunchScreen.storyboard in Resources */ = {isa = PBXBuildFile; fileRef = 3634F8BC2C48CE2C00EA6D9A /* LaunchScreen.storyboard */; };
		3634F8C12C48CE2C00EA6D9A /* main.m in Sources */ = {isa = PBXBuildFile; fileRef = 3634F8C02C48CE2C00EA6D9A /* main.m */; };
		3634F8CB2C4A197500EA6D9A /* CentralManager.m in Sources */ = {isa = PBXBuildFile; fileRef = 3634F8CA2C4A197500EA6D9A /* CentralManager.m */; };
/* End PBXBuildFile section */

/* Begin PBXFileReference section */
		3634F8AB2C48CE2A00EA6D9A /* proximity-objc.app */ = {isa = PBXFileReference; explicitFileType = wrapper.application; includeInIndex = 0; path = "proximity-objc.app"; sourceTree = BUILT_PRODUCTS_DIR; };
		3634F8AE2C48CE2A00EA6D9A /* AppDelegate.h */ = {isa = PBXFileReference; lastKnownFileType = sourcecode.c.h; path = AppDelegate.h; sourceTree = "<group>"; };
		3634F8AF2C48CE2A00EA6D9A /* AppDelegate.m */ = {isa = PBXFileReference; lastKnownFileType = sourcecode.c.objc; path = AppDelegate.m; sourceTree = "<group>"; };
		3634F8B12C48CE2A00EA6D9A /* SceneDelegate.h */ = {isa = PBXFileReference; lastKnownFileType = sourcecode.c.h; path = SceneDelegate.h; sourceTree = "<group>"; };
		3634F8B22C48CE2A00EA6D9A /* SceneDelegate.m */ = {isa = PBXFileReference; lastKnownFileType = sourcecode.c.objc; path = SceneDelegate.m; sourceTree = "<group>"; };
		3634F8B42C48CE2A00EA6D9A /* ViewController.h */ = {isa = PBXFileReference; lastKnownFileType = sourcecode.c.h; path = ViewController.h; sourceTree = "<group>"; };
		3634F8B52C48CE2A00EA6D9A /* ViewController.m */ = {isa = PBXFileReference; lastKnownFileType = sourcecode.c.objc; path = ViewController.m; sourceTree = "<group>"; };
		3634F8B82C48CE2A00EA6D9A /* Base */ = {isa = PBXFileReference; lastKnownFileType = file.storyboard; name = Base; path = Base.lproj/Main.storyboard; sourceTree = "<group>"; };
		3634F8BA2C48CE2C00EA6D9A /* Assets.xcassets */ = {isa = PBXFileReference; lastKnownFileType = folder.assetcatalog; path = Assets.xcassets; sourceTree = "<group>"; };
		3634F8BD2C48CE2C00EA6D9A /* Base */ = {isa = PBXFileReference; lastKnownFileType = file.storyboard; name = Base; path = Base.lproj/LaunchScreen.storyboard; sourceTree = "<group>"; };
		3634F8BF2C48CE2C00EA6D9A /* Info.plist */ = {isa = PBXFileReference; lastKnownFileType = text.plist.xml; path = Info.plist; sourceTree = "<group>"; };
		3634F8C02C48CE2C00EA6D9A /* main.m */ = {isa = PBXFileReference; lastKnownFileType = sourcecode.c.objc; path = main.m; sourceTree = "<group>"; };
		3634F8CA2C4A197500EA6D9A /* CentralManager.m */ = {isa = PBXFileReference; lastKnownFileType = sourcecode.c.objc; path = CentralManager.m; sourceTree = "<group>"; };
		3634F8CC2C4A199E00EA6D9A /* CentralManager.h */ = {isa = PBXFileReference; lastKnownFileType = sourcecode.c.h; path = CentralManager.h; sourceTree = "<group>"; };
/* End PBXFileReference section */

/* Begin PBXFrameworksBuildPhase section */
		3634F8A82C48CE2A00EA6D9A /* Frameworks */ = {
			isa = PBXFrameworksBuildPhase;
			buildActionMask = 2147483647;
			files = (
			);
			runOnlyForDeploymentPostprocessing = 0;
		};
/* End PBXFrameworksBuildPhase section */

/* Begin PBXGroup section */
		3634F8A22C48CE2A00EA6D9A = {
			isa = PBXGroup;
			children = (
				3634F8AD2C48CE2A00EA6D9A /* proximity-objc */,
				3634F8AC2C48CE2A00EA6D9A /* Products */,
			);
			sourceTree = "<group>";
		};
		3634F8AC2C48CE2A00EA6D9A /* Products */ = {
			isa = PBXGroup;
			children = (
				3634F8AB2C48CE2A00EA6D9A /* proximity-objc.app */,
			);
			name = Products;
			sourceTree = "<group>";
		};
		3634F8AD2C48CE2A00EA6D9A /* proximity-objc */ = {
			isa = PBXGroup;
			children = (
				3634F8AE2C48CE2A00EA6D9A /* AppDelegate.h */,
				3634F8AF2C48CE2A00EA6D9A /* AppDelegate.m */,
				3634F8B12C48CE2A00EA6D9A /* SceneDelegate.h */,
				3634F8B22C48CE2A00EA6D9A /* SceneDelegate.m */,
				3634F8C82C4A190C00EA6D9A /* BLE */,
				3634F8C72C4A185700EA6D9A /* VC */,
				3634F8B72C48CE2A00EA6D9A /* Main.storyboard */,
				3634F8BA2C48CE2C00EA6D9A /* Assets.xcassets */,
				3634F8BC2C48CE2C00EA6D9A /* LaunchScreen.storyboard */,
				3634F8BF2C48CE2C00EA6D9A /* Info.plist */,
				3634F8C02C48CE2C00EA6D9A /* main.m */,
			);
			path = "proximity-objc";
			sourceTree = "<group>";
		};
		3634F8C72C4A185700EA6D9A /* VC */ = {
			isa = PBXGroup;
			children = (
				3634F8B42C48CE2A00EA6D9A /* ViewController.h */,
				3634F8B52C48CE2A00EA6D9A /* ViewController.m */,
			);
			path = VC;
			sourceTree = "<group>";
		};
		3634F8C82C4A190C00EA6D9A /* BLE */ = {
			isa = PBXGroup;
			children = (
				3634F8CA2C4A197500EA6D9A /* CentralManager.m */,
				3634F8CC2C4A199E00EA6D9A /* CentralManager.h */,
			);
			path = BLE;
			sourceTree = "<group>";
		};
/* End PBXGroup section */

/* Begin PBXNativeTarget section */
		3634F8AA2C48CE2A00EA6D9A /* proximity-objc */ = {
			isa = PBXNativeTarget;
			buildConfigurationList = 3634F8C42C48CE2C00EA6D9A /* Build configuration list for PBXNativeTarget "proximity-objc" */;
			buildPhases = (
				3634F8A72C48CE2A00EA6D9A /* Sources */,
				3634F8A82C48CE2A00EA6D9A /* Frameworks */,
				3634F8A92C48CE2A00EA6D9A /* Resources */,
			);
			buildRules = (
			);
			dependencies = (
			);
			name = "proximity-objc";
			productName = "proximity-objc";
			productReference = 3634F8AB2C48CE2A00EA6D9A /* proximity-objc.app */;
			productType = "com.apple.product-type.application";
		};
/* End PBXNativeTarget section */

/* Begin PBXProject section */
		3634F8A32C48CE2A00EA6D9A /* Project object */ = {
			isa = PBXProject;
			attributes = {
				BuildIndependentTargetsInParallel = 1;
				LastUpgradeCheck = 1520;
				TargetAttributes = {
					3634F8AA2C48CE2A00EA6D9A = {
						CreatedOnToolsVersion = 15.2;
					};
				};
			};
			buildConfigurationList = 3634F8A62C48CE2A00EA6D9A /* Build configuration list for PBXProject "proximity-objc" */;
			compatibilityVersion = "Xcode 14.0";
			developmentRegion = en;
			hasScannedForEncodings = 0;
			knownRegions = (
				en,
				Base,
			);
			mainGroup = 3634F8A22C48CE2A00EA6D9A;
			productRefGroup = 3634F8AC2C48CE2A00EA6D9A /* Products */;
			projectDirPath = "";
			projectRoot = "";
			targets = (
				3634F8AA2C48CE2A00EA6D9A /* proximity-objc */,
			);
		};
/* End PBXProject section */

/* Begin PBXResourcesBuildPhase section */
		3634F8A92C48CE2A00EA6D9A /* Resources */ = {
			isa = PBXResourcesBuildPhase;
			buildActionMask = 2147483647;
			files = (
				3634F8BE2C48CE2C00EA6D9A /* LaunchScreen.storyboard in Resources */,
				3634F8BB2C48CE2C00EA6D9A /* Assets.xcassets in Resources */,
				3634F8B92C48CE2A00EA6D9A /* Main.storyboard in Resources */,
			);
			runOnlyForDeploymentPostprocessing = 0;
		};
/* End PBXResourcesBuildPhase section */

/* Begin PBXSourcesBuildPhase section */
		3634F8A72C48CE2A00EA6D9A /* Sources */ = {
			isa = PBXSourcesBuildPhase;
			buildActionMask = 2147483647;
			files = (
				3634F8B62C48CE2A00EA6D9A /* ViewController.m in Sources */,
				3634F8B02C48CE2A00EA6D9A /* AppDelegate.m in Sources */,
				3634F8C12C48CE2C00EA6D9A /* main.m in Sources */,
				3634F8CB2C4A197500EA6D9A /* CentralManager.m in Sources */,
				3634F8B32C48CE2A00EA6D9A /* SceneDelegate.m in Sources */,
			);
			runOnlyForDeploymentPostprocessing = 0;
		};
/* End PBXSourcesBuildPhase section */

/* Begin PBXVariantGroup section */
		3634F8B72C48CE2A00EA6D9A /* Main.storyboard */ = {
			isa = PBXVariantGroup;
			children = (
				3634F8B82C48CE2A00EA6D9A /* Base */,
			);
			name = Main.storyboard;
			sourceTree = "<group>";
		};
		3634F8BC2C48CE2C00EA6D9A /* LaunchScreen.storyboard */ = {
			isa = PBXVariantGroup;
			children = (
				3634F8BD2C48CE2C00EA6D9A /* Base */,
			);
			name = LaunchScreen.storyboard;
			sourceTree = "<group>";
		};
/* End PBXVariantGroup section */

/* Begin XCBuildConfiguration section */
		3634F8C22C48CE2C00EA6D9A /* Debug */ = {
			isa = XCBuildConfiguration;
			buildSettings = {
				ALWAYS_SEARCH_USER_PATHS = NO;
				ASSETCATALOG_COMPILER_GENERATE_SWIFT_ASSET_SYMBOL_EXTENSIONS = YES;
				CLANG_ANALYZER_NONNULL = YES;
				CLANG_ANALYZER_NUMBER_OBJECT_CONVERSION = YES_AGGRESSIVE;
				CLANG_CXX_LANGUAGE_STANDARD = "gnu++20";
				CLANG_ENABLE_MODULES = YES;
				CLANG_ENABLE_OBJC_ARC = YES;
				CLANG_ENABLE_OBJC_WEAK = YES;
				CLANG_WARN_BLOCK_CAPTURE_AUTORELEASING = YES;
				CLANG_WARN_BOOL_CONVERSION = YES;
				CLANG_WARN_COMMA = YES;
				CLANG_WARN_CONSTANT_CONVERSION = YES;
				CLANG_WARN_DEPRECATED_OBJC_IMPLEMENTATIONS = YES;
				CLANG_WARN_DIRECT_OBJC_ISA_USAGE = YES_ERROR;
				CLANG_WARN_DOCUMENTATION_COMMENTS = YES;
				CLANG_WARN_EMPTY_BODY = YES;
				CLANG_WARN_ENUM_CONVERSION = YES;
				CLANG_WARN_INFINITE_RECURSION = YES;
				CLANG_WARN_INT_CONVERSION = YES;
				CLANG_WARN_NON_LITERAL_NULL_CONVERSION = YES;
				CLANG_WARN_OBJC_IMPLICIT_RETAIN_SELF = YES;
				CLANG_WARN_OBJC_LITERAL_CONVERSION = YES;
				CLANG_WARN_OBJC_ROOT_CLASS = YES_ERROR;
				CLANG_WARN_QUOTED_INCLUDE_IN_FRAMEWORK_HEADER = YES;
				CLANG_WARN_RANGE_LOOP_ANALYSIS = YES;
				CLANG_WARN_STRICT_PROTOTYPES = YES;
				CLANG_WARN_SUSPICIOUS_MOVE = YES;
				CLANG_WARN_UNGUARDED_AVAILABILITY = YES_AGGRESSIVE;
				CLANG_WARN_UNREACHABLE_CODE = YES;
				CLANG_WARN__DUPLICATE_METHOD_MATCH = YES;
				COPY_PHASE_STRIP = NO;
				DEBUG_INFORMATION_FORMAT = dwarf;
				ENABLE_STRICT_OBJC_MSGSEND = YES;
				ENABLE_TESTABILITY = YES;
				ENABLE_USER_SCRIPT_SANDBOXING = YES;
				GCC_C_LANGUAGE_STANDARD = gnu17;
				GCC_DYNAMIC_NO_PIC = NO;
				GCC_NO_COMMON_BLOCKS = YES;
				GCC_OPTIMIZATION_LEVEL = 0;
				GCC_PREPROCESSOR_DEFINITIONS = (
					"DEBUG=1",
					"$(inherited)",
				);
				GCC_WARN_64_TO_32_BIT_CONVERSION = YES;
				GCC_WARN_ABOUT_RETURN_TYPE = YES_ERROR;
				GCC_WARN_UNDECLARED_SELECTOR = YES;
				GCC_WARN_UNINITIALIZED_AUTOS = YES_AGGRESSIVE;
				GCC_WARN_UNUSED_FUNCTION = YES;
				GCC_WARN_UNUSED_VARIABLE = YES;
				IPHONEOS_DEPLOYMENT_TARGET = 17.2;
				LOCALIZATION_PREFERS_STRING_CATALOGS = YES;
				MTL_ENABLE_DEBUG_INFO = INCLUDE_SOURCE;
				MTL_FAST_MATH = YES;
				ONLY_ACTIVE_ARCH = YES;
				SDKROOT = iphoneos;
			};
			name = Debug;
		};
		3634F8C32C48CE2C00EA6D9A /* Release */ = {
			isa = XCBuildConfiguration;
			buildSettings = {
				ALWAYS_SEARCH_USER_PATHS = NO;
				ASSETCATALOG_COMPILER_GENERATE_SWIFT_ASSET_SYMBOL_EXTENSIONS = YES;
				CLANG_ANALYZER_NONNULL = YES;
				CLANG_ANALYZER_NUMBER_OBJECT_CONVERSION = YES_AGGRESSIVE;
				CLANG_CXX_LANGUAGE_STANDARD = "gnu++20";
				CLANG_ENABLE_MODULES = YES;
				CLANG_ENABLE_OBJC_ARC = YES;
				CLANG_ENABLE_OBJC_WEAK = YES;
				CLANG_WARN_BLOCK_CAPTURE_AUTORELEASING = YES;
				CLANG_WARN_BOOL_CONVERSION = YES;
				CLANG_WARN_COMMA = YES;
				CLANG_WARN_CONSTANT_CONVERSION = YES;
				CLANG_WARN_DEPRECATED_OBJC_IMPLEMENTATIONS = YES;
				CLANG_WARN_DIRECT_OBJC_ISA_USAGE = YES_ERROR;
				CLANG_WARN_DOCUMENTATION_COMMENTS = YES;
				CLANG_WARN_EMPTY_BODY = YES;
				CLANG_WARN_ENUM_CONVERSION = YES;
				CLANG_WARN_INFINITE_RECURSION = YES;
				CLANG_WARN_INT_CONVERSION = YES;
				CLANG_WARN_NON_LITERAL_NULL_CONVERSION = YES;
				CLANG_WARN_OBJC_IMPLICIT_RETAIN_SELF = YES;
				CLANG_WARN_OBJC_LITERAL_CONVERSION = YES;
				CLANG_WARN_OBJC_ROOT_CLASS = YES_ERROR;
				CLANG_WARN_QUOTED_INCLUDE_IN_FRAMEWORK_HEADER = YES;
				CLANG_WARN_RANGE_LOOP_ANALYSIS = YES;
				CLANG_WARN_STRICT_PROTOTYPES = YES;
				CLANG_WARN_SUSPICIOUS_MOVE = YES;
				CLANG_WARN_UNGUARDED_AVAILABILITY = YES_AGGRESSIVE;
				CLANG_WARN_UNREACHABLE_CODE = YES;
				CLANG_WARN__DUPLICATE_METHOD_MATCH = YES;
				COPY_PHASE_STRIP = NO;
				DEBUG_INFORMATION_FORMAT = "dwarf-with-dsym";
				ENABLE_NS_ASSERTIONS = NO;
				ENABLE_STRICT_OBJC_MSGSEND = YES;
				ENABLE_USER_SCRIPT_SANDBOXING = YES;
				GCC_C_LANGUAGE_STANDARD = gnu17;
				GCC_NO_COMMON_BLOCKS = YES;
				GCC_WARN_64_TO_32_BIT_CONVERSION = YES;
				GCC_WARN_ABOUT_RETURN_TYPE = YES_ERROR;
				GCC_WARN_UNDECLARED_SELECTOR = YES;
				GCC_WARN_UNINITIALIZED_AUTOS = YES_AGGRESSIVE;
				GCC_WARN_UNUSED_FUNCTION = YES;
				GCC_WARN_UNUSED_VARIABLE = YES;
				IPHONEOS_DEPLOYMENT_TARGET = 17.2;
				LOCALIZATION_PREFERS_STRING_CATALOGS = YES;
				MTL_ENABLE_DEBUG_INFO = NO;
				MTL_FAST_MATH = YES;
				SDKROOT = iphoneos;
				VALIDATE_PRODUCT = YES;
			};
			name = Release;
		};
		3634F8C52C48CE2C00EA6D9A /* Debug */ = {
			isa = XCBuildConfiguration;
			buildSettings = {
				ASSETCATALOG_COMPILER_APPICON_NAME = AppIcon;
				ASSETCATALOG_COMPILER_GLOBAL_ACCENT_COLOR_NAME = AccentColor;
				CODE_SIGN_STYLE = Automatic;
				CURRENT_PROJECT_VERSION = 1;
				DEVELOPMENT_TEAM = 8S2KB4SWK8;
				GENERATE_INFOPLIST_FILE = YES;
				INFOPLIST_FILE = "proximity-objc/Info.plist";
				INFOPLIST_KEY_CFBundleDisplayName = Proximity;
				INFOPLIST_KEY_LSApplicationCategoryType = "public.app-category.developer-tools";
				INFOPLIST_KEY_UIApplicationSupportsIndirectInputEvents = YES;
				INFOPLIST_KEY_UILaunchStoryboardName = LaunchScreen;
				INFOPLIST_KEY_UIMainStoryboardFile = Main;
				INFOPLIST_KEY_UISupportedInterfaceOrientations_iPad = "UIInterfaceOrientationPortrait UIInterfaceOrientationPortraitUpsideDown UIInterfaceOrientationLandscapeLeft UIInterfaceOrientationLandscapeRight";
				INFOPLIST_KEY_UISupportedInterfaceOrientations_iPhone = "UIInterfaceOrientationPortrait UIInterfaceOrientationLandscapeLeft UIInterfaceOrientationLandscapeRight";
				LD_RUNPATH_SEARCH_PATHS = (
					"$(inherited)",
					"@executable_path/Frameworks",
				);
				MARKETING_VERSION = 1.0;
				PRODUCT_BUNDLE_IDENTIFIER = "com.SungJieHung.proximity-objc";
				PRODUCT_NAME = "$(TARGET_NAME)";
				SWIFT_EMIT_LOC_STRINGS = YES;
				TARGETED_DEVICE_FAMILY = "1,2";
			};
			name = Debug;
		};
		3634F8C62C48CE2C00EA6D9A /* Release */ = {
			isa = XCBuildConfiguration;
			buildSettings = {
				ASSETCATALOG_COMPILER_APPICON_NAME = AppIcon;
				ASSETCATALOG_COMPILER_GLOBAL_ACCENT_COLOR_NAME = AccentColor;
				CODE_SIGN_STYLE = Automatic;
				CURRENT_PROJECT_VERSION = 1;
				DEVELOPMENT_TEAM = 8S2KB4SWK8;
				GENERATE_INFOPLIST_FILE = YES;
				INFOPLIST_FILE = "proximity-objc/Info.plist";
				INFOPLIST_KEY_CFBundleDisplayName = Proximity;
				INFOPLIST_KEY_LSApplicationCategoryType = "public.app-category.developer-tools";
				INFOPLIST_KEY_UIApplicationSupportsIndirectInputEvents = YES;
				INFOPLIST_KEY_UILaunchStoryboardName = LaunchScreen;
				INFOPLIST_KEY_UIMainStoryboardFile = Main;
				INFOPLIST_KEY_UISupportedInterfaceOrientations_iPad = "UIInterfaceOrientationPortrait UIInterfaceOrientationPortraitUpsideDown UIInterfaceOrientationLandscapeLeft UIInterfaceOrientationLandscapeRight";
				INFOPLIST_KEY_UISupportedInterfaceOrientations_iPhone = "UIInterfaceOrientationPortrait UIInterfaceOrientationLandscapeLeft UIInterfaceOrientationLandscapeRight";
				LD_RUNPATH_SEARCH_PATHS = (
					"$(inherited)",
					"@executable_path/Frameworks",
				);
				MARKETING_VERSION = 1.0;
				PRODUCT_BUNDLE_IDENTIFIER = "com.SungJieHung.proximity-objc";
				PRODUCT_NAME = "$(TARGET_NAME)";
				SWIFT_EMIT_LOC_STRINGS = YES;
				TARGETED_DEVICE_FAMILY = "1,2";
			};
			name = Release;
		};
/* End XCBuildConfiguration section */

/* Begin XCConfigurationList section */
		3634F8A62C48CE2A00EA6D9A /* Build configuration list for PBXProject "proximity-objc" */ = {
			isa = XCConfigurationList;
			buildConfigurations = (
				3634F8C22C48CE2C00EA6D9A /* Debug */,
				3634F8C32C48CE2C00EA6D9A /* Release */,
			);
			defaultConfigurationIsVisible = 0;
			defaultConfigurationName = Release;
		};
		3634F8C42C48CE2C00EA6D9A /* Build configuration list for PBXNativeTarget "proximity-objc" */ = {
			isa = XCConfigurationList;
			buildConfigurations = (
				3634F8C52C48CE2C00EA6D9A /* Debug */,
				3634F8C62C48CE2C00EA6D9A /* Release */,
			);
			defaultConfigurationIsVisible = 0;
			defaultConfigurationName = Release;
		};
/* End XCConfigurationList section */
	};
	rootObject = 3634F8A32C48CE2A00EA6D9A /* Project object */;
}
